
Microsoft Visual Studio Solution File, Format Version 12.00
# Visual Studio Version 17
VisualStudioVersion = 17.6.33723.286
MinimumVisualStudioVersion = 10.0.40219.1
Project("{2150E333-8FDC-42A3-9474-1A3956D46DE8}") = "src", "src", "{303F9FA1-EB08-4637-805A-87D141F65DC4}"
EndProject
Project("{2150E333-8FDC-42A3-9474-1A3956D46DE8}") = "test", "test", "{CAD3FA39-F8B5-4B26-A9DC-644EA1A5A970}"
EndProject
Project("{9A19103F-16F7-4668-BE54-9A1E7A4F7556}") = "Idam.Libs.EF", "src\Idam.Libs.EF\Idam.Libs.EF.csproj", "{AB324C33-7ED4-4FF2-9FE6-F0F9CF071435}"
EndProject
Project("{FAE04EC0-301F-11D3-BF4B-00C04F79EFBC}") = "Idam.Libs.EF.Tests", "test\Idam.Libs.EF.Tests\Idam.Libs.EF.Tests.csproj", "{55A5EBE0-ED98-4B73-B2B7-052BC55DC721}"
EndProject
Project("{2150E333-8FDC-42A3-9474-1A3956D46DE8}") = "sample", "sample", "{7B5BD11B-75AD-414A-A2BE-D1317461F170}"
EndProject
Project("{FAE04EC0-301F-11D3-BF4B-00C04F79EFBC}") = "Idam.Libs.EF.Sample", "sample\Idam.Libs.EF.Sample\Idam.Libs.EF.Sample.csproj", "{0AB7F97F-0183-4932-BD3E-32BB71C8B50C}"
EndProject
Global
	GlobalSection(SolutionConfigurationPlatforms) = preSolution
		Debug|Any CPU = Debug|Any CPU
		Release|Any CPU = Release|Any CPU
	EndGlobalSection
	GlobalSection(ProjectConfigurationPlatforms) = postSolution
		{AB324C33-7ED4-4FF2-9FE6-F0F9CF071435}.Debug|Any CPU.ActiveCfg = Debug|Any CPU
		{AB324C33-7ED4-4FF2-9FE6-F0F9CF071435}.Debug|Any CPU.Build.0 = Debug|Any CPU
		{AB324C33-7ED4-4FF2-9FE6-F0F9CF071435}.Release|Any CPU.ActiveCfg = Release|Any CPU
		{AB324C33-7ED4-4FF2-9FE6-F0F9CF071435}.Release|Any CPU.Build.0 = Release|Any CPU
		{55A5EBE0-ED98-4B73-B2B7-052BC55DC721}.Debug|Any CPU.ActiveCfg = Debug|Any CPU
		{55A5EBE0-ED98-4B73-B2B7-052BC55DC721}.Debug|Any CPU.Build.0 = Debug|Any CPU
		{55A5EBE0-ED98-4B73-B2B7-052BC55DC721}.Release|Any CPU.ActiveCfg = Release|Any CPU
		{55A5EBE0-ED98-4B73-B2B7-052BC55DC721}.Release|Any CPU.Build.0 = Release|Any CPU
		{0AB7F97F-0183-4932-BD3E-32BB71C8B50C}.Debug|Any CPU.ActiveCfg = Debug|Any CPU
		{0AB7F97F-0183-4932-BD3E-32BB71C8B50C}.Debug|Any CPU.Build.0 = Debug|Any CPU
		{0AB7F97F-0183-4932-BD3E-32BB71C8B50C}.Release|Any CPU.ActiveCfg = Release|Any CPU
		{0AB7F97F-0183-4932-BD3E-32BB71C8B50C}.Release|Any CPU.Build.0 = Release|Any CPU
	EndGlobalSection
	GlobalSection(SolutionProperties) = preSolution
		HideSolutionNode = FALSE
	EndGlobalSection
	GlobalSection(NestedProjects) = preSolution
		{AB324C33-7ED4-4FF2-9FE6-F0F9CF071435} = {303F9FA1-EB08-4637-805A-87D141F65DC4}
		{55A5EBE0-ED98-4B73-B2B7-052BC55DC721} = {CAD3FA39-F8B5-4B26-A9DC-644EA1A5A970}
		{0AB7F97F-0183-4932-BD3E-32BB71C8B50C} = {7B5BD11B-75AD-414A-A2BE-D1317461F170}
	EndGlobalSection
	GlobalSection(ExtensibilityGlobals) = postSolution
		SolutionGuid = {EE270467-62F1-44D7-81B8-7C5128FC4275}
	EndGlobalSection
EndGlobal
